
Microsoft Visual Studio Solution File, Format Version 12.00
# Visual Studio Version 16
VisualStudioVersion = 16.0.33529.622
MinimumVisualStudioVersion = 10.0.40219.1
Project("{FAE04EC0-301F-11D3-BF4B-00C04F79EFBC}") = "TkaniShop", "TkaniShop\TkaniShop.csproj", "{9FBA56C7-65FB-4B64-AE71-4E946F8EEB32}"
EndProject
Global
	GlobalSection(SolutionConfigurationPlatforms) = preSolution
		Debug|Any CPU = Debug|Any CPU
		Release|Any CPU = Release|Any CPU
	EndGlobalSection
	GlobalSection(ProjectConfigurationPlatforms) = postSolution
		{9FBA56C7-65FB-4B64-AE71-4E946F8EEB32}.Debug|Any CPU.ActiveCfg = Debug|Any CPU
		{9FBA56C7-65FB-4B64-AE71-4E946F8EEB32}.Debug|Any CPU.Build.0 = Debug|Any CPU
		{9FBA56C7-65FB-4B64-AE71-4E946F8EEB32}.Release|Any CPU.ActiveCfg = Release|Any CPU
		{9FBA56C7-65FB-4B64-AE71-4E946F8EEB32}.Release|Any CPU.Build.0 = Release|Any CPU
	EndGlobalSection
	GlobalSection(SolutionProperties) = preSolution
		HideSolutionNode = FALSE
	EndGlobalSection
	GlobalSection(ExtensibilityGlobals) = postSolution
		SolutionGuid = {F7D0EB29-B3EE-40EC-B187-F96EA293F81D}
	EndGlobalSection
EndGlobal
